
Microsoft Visual Studio Solution File, Format Version 12.00
# Visual Studio 2013
VisualStudioVersion = 12.0.30501.0
MinimumVisualStudioVersion = 10.0.40219.1
Project("{FAE04EC0-301F-11D3-BF4B-00C04F79EFBC}") = "Catom.Sky.Web", "Catom.Sky.Web\Catom.Sky.Web.csproj", "{380EFFDB-27B6-4DF3-AE7A-BCC5590AF56B}"
EndProject
Project("{FAE04EC0-301F-11D3-BF4B-00C04F79EFBC}") = "Catom.Sky.Component", "Catom.Sky.Component\Catom.Sky.Component.csproj", "{44C26C52-FEC5-4F7A-AB73-0BA9F7DA0405}"
EndProject
Project("{FAE04EC0-301F-11D3-BF4B-00C04F79EFBC}") = "Catom.Sky.Services", "Catom.Sky.Services\Catom.Sky.Services.csproj", "{7C4CEE41-F5F7-4B58-AC94-72B4D573DD55}"
	ProjectSection(ProjectDependencies) = postProject
		{44C26C52-FEC5-4F7A-AB73-0BA9F7DA0405} = {44C26C52-FEC5-4F7A-AB73-0BA9F7DA0405}
	EndProjectSection
EndProject
Project("{FAE04EC0-301F-11D3-BF4B-00C04F79EFBC}") = "CSharpDemo", "CSharpDemo\CSharpDemo.csproj", "{9C2FB51D-C7A4-4579-9949-FC0B8B0744E3}"
EndProject
Project("{FAE04EC0-301F-11D3-BF4B-00C04F79EFBC}") = "MvcDemo", "MvcDemo\MvcDemo.csproj", "{A3434956-CB80-4103-A7AE-162C400DEFA6}"
EndProject
Project("{FAE04EC0-301F-11D3-BF4B-00C04F79EFBC}") = "WebSocketDemo", "WebSocketDemo\WebSocketDemo.csproj", "{FA3D1254-3DC8-4700-9D50-AB0E9BF3B34B}"
EndProject
Project("{E24C65DC-7377-472B-9ABA-BC803B73C61A}") = "WebSite", "http://localhost:49056", "{964AC3B8-B50E-4B8A-A6E4-39A602C861BB}"
	ProjectSection(WebsiteProperties) = preProject
		UseIISExpress = "true"
		TargetFrameworkMoniker = ".NETFramework,Version%3Dv3.0"
		ProjectReferences = "{44c26c52-fec5-4f7a-ab73-0ba9f7da0405}|Catom.Sky.Component.dll;{7c4cee41-f5f7-4b58-ac94-72b4d573dd55}|Catom.Sky.Services.dll;"
		Debug.AspNetCompiler.VirtualPath = "/localhost_49056"
		Debug.AspNetCompiler.PhysicalPath = "WebSite\"
		Debug.AspNetCompiler.TargetPath = "PrecompiledWeb\localhost_49056\"
		Debug.AspNetCompiler.Updateable = "true"
		Debug.AspNetCompiler.ForceOverwrite = "true"
		Debug.AspNetCompiler.FixedNames = "false"
		Debug.AspNetCompiler.Debug = "True"
		Release.AspNetCompiler.VirtualPath = "/localhost_49056"
		Release.AspNetCompiler.PhysicalPath = "WebSite\"
		Release.AspNetCompiler.TargetPath = "PrecompiledWeb\localhost_49056\"
		Release.AspNetCompiler.Updateable = "true"
		Release.AspNetCompiler.ForceOverwrite = "true"
		Release.AspNetCompiler.FixedNames = "false"
		Release.AspNetCompiler.Debug = "False"
		SlnRelativePath = "WebSite\"
		DefaultWebSiteLanguage = "Visual C#"
	EndProjectSection
EndProject
Project("{FAE04EC0-301F-11D3-BF4B-00C04F79EFBC}") = "WebApiDemo", "WebApiDemo\WebApiDemo.csproj", "{76B0E6AA-D828-4620-9124-456863A07A3F}"
EndProject
Project("{2150E333-8FDC-42A3-9474-1A3956D46DE8}") = "Solution Items", "Solution Items", "{C33EF99F-5C54-441C-A65C-8C282E3B3EE2}"
	ProjectSection(SolutionItems) = preProject
		Doc\Orm.txt = Doc\Orm.txt
		Catom.Sky.Web\Content\前端学习篇.txt = Catom.Sky.Web\Content\前端学习篇.txt
	EndProjectSection
EndProject
Global
	GlobalSection(SolutionConfigurationPlatforms) = preSolution
		Debug|Any CPU = Debug|Any CPU
		Release|Any CPU = Release|Any CPU
	EndGlobalSection
	GlobalSection(ProjectConfigurationPlatforms) = postSolution
		{380EFFDB-27B6-4DF3-AE7A-BCC5590AF56B}.Debug|Any CPU.ActiveCfg = Debug|Any CPU
		{380EFFDB-27B6-4DF3-AE7A-BCC5590AF56B}.Debug|Any CPU.Build.0 = Debug|Any CPU
		{380EFFDB-27B6-4DF3-AE7A-BCC5590AF56B}.Release|Any CPU.ActiveCfg = Release|Any CPU
		{380EFFDB-27B6-4DF3-AE7A-BCC5590AF56B}.Release|Any CPU.Build.0 = Release|Any CPU
		{44C26C52-FEC5-4F7A-AB73-0BA9F7DA0405}.Debug|Any CPU.ActiveCfg = Debug|Any CPU
		{44C26C52-FEC5-4F7A-AB73-0BA9F7DA0405}.Debug|Any CPU.Build.0 = Debug|Any CPU
		{44C26C52-FEC5-4F7A-AB73-0BA9F7DA0405}.Release|Any CPU.ActiveCfg = Release|Any CPU
		{44C26C52-FEC5-4F7A-AB73-0BA9F7DA0405}.Release|Any CPU.Build.0 = Release|Any CPU
		{7C4CEE41-F5F7-4B58-AC94-72B4D573DD55}.Debug|Any CPU.ActiveCfg = Debug|Any CPU
		{7C4CEE41-F5F7-4B58-AC94-72B4D573DD55}.Debug|Any CPU.Build.0 = Debug|Any CPU
		{7C4CEE41-F5F7-4B58-AC94-72B4D573DD55}.Release|Any CPU.ActiveCfg = Release|Any CPU
		{7C4CEE41-F5F7-4B58-AC94-72B4D573DD55}.Release|Any CPU.Build.0 = Release|Any CPU
		{9C2FB51D-C7A4-4579-9949-FC0B8B0744E3}.Debug|Any CPU.ActiveCfg = Debug|Any CPU
		{9C2FB51D-C7A4-4579-9949-FC0B8B0744E3}.Debug|Any CPU.Build.0 = Debug|Any CPU
		{9C2FB51D-C7A4-4579-9949-FC0B8B0744E3}.Release|Any CPU.ActiveCfg = Release|Any CPU
		{9C2FB51D-C7A4-4579-9949-FC0B8B0744E3}.Release|Any CPU.Build.0 = Release|Any CPU
		{A3434956-CB80-4103-A7AE-162C400DEFA6}.Debug|Any CPU.ActiveCfg = Debug|Any CPU
		{A3434956-CB80-4103-A7AE-162C400DEFA6}.Debug|Any CPU.Build.0 = Debug|Any CPU
		{A3434956-CB80-4103-A7AE-162C400DEFA6}.Release|Any CPU.ActiveCfg = Release|Any CPU
		{A3434956-CB80-4103-A7AE-162C400DEFA6}.Release|Any CPU.Build.0 = Release|Any CPU
		{FA3D1254-3DC8-4700-9D50-AB0E9BF3B34B}.Debug|Any CPU.ActiveCfg = Debug|Any CPU
		{FA3D1254-3DC8-4700-9D50-AB0E9BF3B34B}.Debug|Any CPU.Build.0 = Debug|Any CPU
		{FA3D1254-3DC8-4700-9D50-AB0E9BF3B34B}.Release|Any CPU.ActiveCfg = Release|Any CPU
		{FA3D1254-3DC8-4700-9D50-AB0E9BF3B34B}.Release|Any CPU.Build.0 = Release|Any CPU
		{964AC3B8-B50E-4B8A-A6E4-39A602C861BB}.Debug|Any CPU.ActiveCfg = Debug|Any CPU
		{964AC3B8-B50E-4B8A-A6E4-39A602C861BB}.Debug|Any CPU.Build.0 = Debug|Any CPU
		{964AC3B8-B50E-4B8A-A6E4-39A602C861BB}.Release|Any CPU.ActiveCfg = Debug|Any CPU
		{964AC3B8-B50E-4B8A-A6E4-39A602C861BB}.Release|Any CPU.Build.0 = Debug|Any CPU
		{76B0E6AA-D828-4620-9124-456863A07A3F}.Debug|Any CPU.ActiveCfg = Debug|Any CPU
		{76B0E6AA-D828-4620-9124-456863A07A3F}.Debug|Any CPU.Build.0 = Debug|Any CPU
		{76B0E6AA-D828-4620-9124-456863A07A3F}.Release|Any CPU.ActiveCfg = Release|Any CPU
		{76B0E6AA-D828-4620-9124-456863A07A3F}.Release|Any CPU.Build.0 = Release|Any CPU
	EndGlobalSection
	GlobalSection(SolutionProperties) = preSolution
		HideSolutionNode = FALSE
	EndGlobalSection
EndGlobal
